
Microsoft Visual Studio Solution File, Format Version 12.00
# Visual Studio 15
VisualStudioVersion = 15.0.28010.2046
MinimumVisualStudioVersion = 10.0.40219.1
Project("{FAE04EC0-301F-11D3-BF4B-00C04F79EFBC}") = "LittleSpeedyToyRobot", "LittleSpeedyToyRobot\LittleSpeedyToyRobot.csproj", "{36404E85-42A7-41B4-99AB-A93C76B380D5}"
EndProject
Project("{FAE04EC0-301F-11D3-BF4B-00C04F79EFBC}") = "LittleSpeedyTests", "LittleSpeedyTests\LittleSpeedyTests.csproj", "{64AFA60C-A9F4-47EE-8646-5AF6FD2E7AA4}"
EndProject
Project("{FAE04EC0-301F-11D3-BF4B-00C04F79EFBC}") = "Common", "Common\Common.csproj", "{43586938-25CB-4F98-B1EA-606992D04944}"
EndProject
Global
	GlobalSection(SolutionConfigurationPlatforms) = preSolution
		Debug|Any CPU = Debug|Any CPU
		Release|Any CPU = Release|Any CPU
	EndGlobalSection
	GlobalSection(ProjectConfigurationPlatforms) = postSolution
		{36404E85-42A7-41B4-99AB-A93C76B380D5}.Debug|Any CPU.ActiveCfg = Debug|Any CPU
		{36404E85-42A7-41B4-99AB-A93C76B380D5}.Debug|Any CPU.Build.0 = Debug|Any CPU
		{36404E85-42A7-41B4-99AB-A93C76B380D5}.Release|Any CPU.ActiveCfg = Release|Any CPU
		{36404E85-42A7-41B4-99AB-A93C76B380D5}.Release|Any CPU.Build.0 = Release|Any CPU
		{64AFA60C-A9F4-47EE-8646-5AF6FD2E7AA4}.Debug|Any CPU.ActiveCfg = Debug|Any CPU
		{64AFA60C-A9F4-47EE-8646-5AF6FD2E7AA4}.Debug|Any CPU.Build.0 = Debug|Any CPU
		{64AFA60C-A9F4-47EE-8646-5AF6FD2E7AA4}.Release|Any CPU.ActiveCfg = Release|Any CPU
		{64AFA60C-A9F4-47EE-8646-5AF6FD2E7AA4}.Release|Any CPU.Build.0 = Release|Any CPU
		{43586938-25CB-4F98-B1EA-606992D04944}.Debug|Any CPU.ActiveCfg = Debug|Any CPU
		{43586938-25CB-4F98-B1EA-606992D04944}.Debug|Any CPU.Build.0 = Debug|Any CPU
		{43586938-25CB-4F98-B1EA-606992D04944}.Release|Any CPU.ActiveCfg = Release|Any CPU
		{43586938-25CB-4F98-B1EA-606992D04944}.Release|Any CPU.Build.0 = Release|Any CPU
	EndGlobalSection
	GlobalSection(SolutionProperties) = preSolution
		HideSolutionNode = FALSE
	EndGlobalSection
	GlobalSection(ExtensibilityGlobals) = postSolution
		SolutionGuid = {999CF85D-0450-4D6A-8587-CA66B310FCD0}
	EndGlobalSection
EndGlobal
